
Microsoft Visual Studio Solution File, Format Version 12.00
# Visual Studio Version 17
VisualStudioVersion = 17.4.33110.190
MinimumVisualStudioVersion = 10.0.40219.1
Project("{FAE04EC0-301F-11D3-BF4B-00C04F79EFBC}") = "Sdf", "Sdf\Sdf.csproj", "{C524996F-B1BD-43F4-B06C-083691E7F36C}"
EndProject
Global
	GlobalSection(SolutionConfigurationPlatforms) = preSolution
		Debug|Any CPU = Debug|Any CPU
		Release|Any CPU = Release|Any CPU
	EndGlobalSection
	GlobalSection(ProjectConfigurationPlatforms) = postSolution
		{C524996F-B1BD-43F4-B06C-083691E7F36C}.Debug|Any CPU.ActiveCfg = Debug|Any CPU
		{C524996F-B1BD-43F4-B06C-083691E7F36C}.Debug|Any CPU.Build.0 = Debug|Any CPU
		{C524996F-B1BD-43F4-B06C-083691E7F36C}.Release|Any CPU.ActiveCfg = Release|Any CPU
		{C524996F-B1BD-43F4-B06C-083691E7F36C}.Release|Any CPU.Build.0 = Release|Any CPU
	EndGlobalSection
	GlobalSection(SolutionProperties) = preSolution
		HideSolutionNode = FALSE
	EndGlobalSection
	GlobalSection(ExtensibilityGlobals) = postSolution
		SolutionGuid = {5C23ED68-158E-4529-82E1-09841E7743A6}
	EndGlobalSection
EndGlobal
